
Microsoft Visual Studio Solution File, Format Version 12.00
# Visual Studio 14
VisualStudioVersion = 14.0.25420.1
MinimumVisualStudioVersion = 10.0.40219.1
Project("{FAE04EC0-301F-11D3-BF4B-00C04F79EFBC}") = "PwCAssignment", "PwCAssignment\PwCAssignment.csproj", "{D8FDFBA0-8B0C-491E-933E-BFA2AB144820}"
EndProject
Project("{FAE04EC0-301F-11D3-BF4B-00C04F79EFBC}") = "WebAPI", "WebAPI\WebAPI.csproj", "{A4C07ECF-B922-4FBF-A7AD-2F4E761782B4}"
EndProject
Global
	GlobalSection(SolutionConfigurationPlatforms) = preSolution
		Debug|Any CPU = Debug|Any CPU
		Release|Any CPU = Release|Any CPU
	EndGlobalSection
	GlobalSection(ProjectConfigurationPlatforms) = postSolution
		{D8FDFBA0-8B0C-491E-933E-BFA2AB144820}.Debug|Any CPU.ActiveCfg = Debug|Any CPU
		{D8FDFBA0-8B0C-491E-933E-BFA2AB144820}.Debug|Any CPU.Build.0 = Debug|Any CPU
		{D8FDFBA0-8B0C-491E-933E-BFA2AB144820}.Release|Any CPU.ActiveCfg = Release|Any CPU
		{D8FDFBA0-8B0C-491E-933E-BFA2AB144820}.Release|Any CPU.Build.0 = Release|Any CPU
		{A4C07ECF-B922-4FBF-A7AD-2F4E761782B4}.Debug|Any CPU.ActiveCfg = Debug|Any CPU
		{A4C07ECF-B922-4FBF-A7AD-2F4E761782B4}.Debug|Any CPU.Build.0 = Debug|Any CPU
		{A4C07ECF-B922-4FBF-A7AD-2F4E761782B4}.Release|Any CPU.ActiveCfg = Release|Any CPU
		{A4C07ECF-B922-4FBF-A7AD-2F4E761782B4}.Release|Any CPU.Build.0 = Release|Any CPU
	EndGlobalSection
	GlobalSection(SolutionProperties) = preSolution
		HideSolutionNode = FALSE
	EndGlobalSection
EndGlobal
